
Microsoft Visual Studio Solution File, Format Version 12.00
# Visual Studio Version 17
VisualStudioVersion = 17.4.33205.214
MinimumVisualStudioVersion = 10.0.40219.1
Project("{FAE04EC0-301F-11D3-BF4B-00C04F79EFBC}") = "WinApp", "WinApp\WinApp.csproj", "{597F82FC-9CB0-4C6D-BB92-A28B36C77A4A}"
EndProject
Project("{FAE04EC0-301F-11D3-BF4B-00C04F79EFBC}") = "Library", "Library\Library.csproj", "{DC84A9DF-9DF4-42D1-ADA2-03D71D0B4EA5}"
EndProject
Global
	GlobalSection(SolutionConfigurationPlatforms) = preSolution
		Debug|Any CPU = Debug|Any CPU
		Release|Any CPU = Release|Any CPU
	EndGlobalSection
	GlobalSection(ProjectConfigurationPlatforms) = postSolution
		{597F82FC-9CB0-4C6D-BB92-A28B36C77A4A}.Debug|Any CPU.ActiveCfg = Debug|Any CPU
		{597F82FC-9CB0-4C6D-BB92-A28B36C77A4A}.Debug|Any CPU.Build.0 = Debug|Any CPU
		{597F82FC-9CB0-4C6D-BB92-A28B36C77A4A}.Release|Any CPU.ActiveCfg = Release|Any CPU
		{597F82FC-9CB0-4C6D-BB92-A28B36C77A4A}.Release|Any CPU.Build.0 = Release|Any CPU
		{DC84A9DF-9DF4-42D1-ADA2-03D71D0B4EA5}.Debug|Any CPU.ActiveCfg = Debug|Any CPU
		{DC84A9DF-9DF4-42D1-ADA2-03D71D0B4EA5}.Debug|Any CPU.Build.0 = Debug|Any CPU
		{DC84A9DF-9DF4-42D1-ADA2-03D71D0B4EA5}.Release|Any CPU.ActiveCfg = Release|Any CPU
		{DC84A9DF-9DF4-42D1-ADA2-03D71D0B4EA5}.Release|Any CPU.Build.0 = Release|Any CPU
	EndGlobalSection
	GlobalSection(SolutionProperties) = preSolution
		HideSolutionNode = FALSE
	EndGlobalSection
	GlobalSection(ExtensibilityGlobals) = postSolution
		SolutionGuid = {AA0B6F38-95AF-4C32-8FA9-1AECA88FB6D6}
	EndGlobalSection
EndGlobal
